{
    "_readme": [
        "This file locks the dependencies of your project to a known state",
        "Read more about it at https://getcomposer.org/doc/01-basic-usage.md#installing-dependencies",
        "This file is @generated automatically"
    ],
    "content-hash": "c7c075ab4655ebacf48d979bf4e247b1",
    "packages": [
        {
            "name": "sleiman/airtable-php",
            "version": "2.2.9",
            "source": {
                "type": "git",
                "url": "https://github.com/sleiman/airtable-php.git",
                "reference": "c410967c92d747910e2257d5a6c9b75e57ec08f7"
            },
            "dist": {
                "type": "zip",
                "url": "https://api.github.com/repos/sleiman/airtable-php/zipball/c410967c92d747910e2257d5a6c9b75e57ec08f7",
                "reference": "c410967c92d747910e2257d5a6c9b75e57ec08f7",
                "shasum": ""
            },
            "require": {
                "php": ">=5.3.3"
            },
            "type": "library",
            "autoload": {
                "psr-4": {
                    "TANIOS\\Airtable\\": "src"
                }
            },
            "notification-url": "https://packagist.org/downloads/",
            "license": [
                "MIT"
            ],
            "description": "A PHP wrapper for the Airtable API Edit",
            "time": "2018-10-18T15:13:36+00:00"
        }
    ],
    "packages-dev": [],
    "aliases": [],
    "minimum-stability": "stable",
    "stability-flags": [],
    "prefer-stable": false,
    "prefer-lowest": false,
    "platform": [],
    "platform-dev": []
}
